
Microsoft Visual Studio Solution File, Format Version 12.00
# Visual Studio Version 17
VisualStudioVersion = 17.0.31903.59
MinimumVisualStudioVersion = 10.0.40219.1
Project("{2150E333-8FDC-42A3-9474-1A3956D46DE8}") = "src", "src", "{0F78A58E-8ECE-4B21-A8DC-0DF0D5998A44}"
EndProject
Project("{FAE04EC0-301F-11D3-BF4B-00C04F79EFBC}") = "Backend", "src\Backend\Backend.csproj", "{4FDACE43-175B-4046-BD9D-25A2F317B38A}"
EndProject
Project("{FAE04EC0-301F-11D3-BF4B-00C04F79EFBC}") = "Frontend", "src\Frontend\Frontend.csproj", "{A6F6A393-3BC9-448E-8FD4-7FEEFF593526}"
EndProject
Global
	GlobalSection(SolutionConfigurationPlatforms) = preSolution
		Debug|Any CPU = Debug|Any CPU
		Release|Any CPU = Release|Any CPU
	EndGlobalSection
	GlobalSection(SolutionProperties) = preSolution
		HideSolutionNode = FALSE
	EndGlobalSection
	GlobalSection(ProjectConfigurationPlatforms) = postSolution
		{4FDACE43-175B-4046-BD9D-25A2F317B38A}.Debug|Any CPU.ActiveCfg = Debug|Any CPU
		{4FDACE43-175B-4046-BD9D-25A2F317B38A}.Debug|Any CPU.Build.0 = Debug|Any CPU
		{4FDACE43-175B-4046-BD9D-25A2F317B38A}.Release|Any CPU.ActiveCfg = Release|Any CPU
		{4FDACE43-175B-4046-BD9D-25A2F317B38A}.Release|Any CPU.Build.0 = Release|Any CPU
		{A6F6A393-3BC9-448E-8FD4-7FEEFF593526}.Debug|Any CPU.ActiveCfg = Debug|Any CPU
		{A6F6A393-3BC9-448E-8FD4-7FEEFF593526}.Debug|Any CPU.Build.0 = Debug|Any CPU
		{A6F6A393-3BC9-448E-8FD4-7FEEFF593526}.Release|Any CPU.ActiveCfg = Release|Any CPU
		{A6F6A393-3BC9-448E-8FD4-7FEEFF593526}.Release|Any CPU.Build.0 = Release|Any CPU
	EndGlobalSection
	GlobalSection(NestedProjects) = preSolution
		{4FDACE43-175B-4046-BD9D-25A2F317B38A} = {0F78A58E-8ECE-4B21-A8DC-0DF0D5998A44}
		{A6F6A393-3BC9-448E-8FD4-7FEEFF593526} = {0F78A58E-8ECE-4B21-A8DC-0DF0D5998A44}
	EndGlobalSection
EndGlobal
